github.com/lixenwraith/color v0.1.3 h1:vSuvtU4zh1mIZS/7UGHmMdsTr+a7eCjUYGbou7kzFn4=
github.com/lixenwraith/color v0.1.3/go.mod h1:L/I3Vxp6pqslAIzWyZGgKCm2lyStHCA4vKaUoMUm7bU=
github.com/lixenwraith/log v0.1.11 h1:dKWLnaR8dhXxj4l/aU5XZiFIsr8geaJQbOf8m7SiKhU=
github.com/lixenwraith/log v0.1.11/go.mod h1:EE8i5nSAW2yZBTytKuhdgehmgzrby6kW1k5DyH1SvBg=
github.com/lixenwraith/terminal v0.1.9 h1:WPxLdqdzZoqtPgTb86oEwE66lF1+iPsJ/gpfo6h/rik=
github.com/lixenwraith/terminal v0.1.9/go.mod h1:f9Ntk+xKBS2LWQEe6gk/1TOpG22HH0scTe4wlPhEy44=
github.com/lixenwraith/toml v0.1.3 h1:mhnNVLNogdaqjGd3eC4rV9ZqY3j1Sv+DK1erZ+SPFeI=
github.com/lixenwraith/toml v0.1.3/go.mod h1:itcT/Vt5mwmX9KVGCMsWZr6vbU/JgZ24wV/I0J5cMt0=
golang.org/x/sys v0.48.0 h1:bbX/i/6MgT9BVLM9RT1thmxL04yeTAhbEz4SyadbXoo=
golang.org/x/sys v0.48.0/go.mod h1:hNLxWAXmnKAxqDtdwIYC4bM9oQPEecfsnNMuSxOs3og=
golang.org/x/term v0.46.0 h1:3+OXuTbaKDgwk8jTi3aSLHRlmWqHEUDUtxnbFigO4YE=
golang.org/x/term v0.46.0/go.mod h1:+K02xbkittuwc0Am4abfA3Fc+XRGXkvBXNO88NCXPoc=
